
Microsoft Visual Studio Solution File, Format Version 12.00
# Visual Studio Version 17
VisualStudioVersion = 17.10.34928.147
MinimumVisualStudioVersion = 10.0.40219.1
Project("{FAE04EC0-301F-11D3-BF4B-00C04F79EFBC}") = "Plugin_WebSocket", "Plugin_Socket\Plugin_WebSocket.csproj", "{169CA507-E901-438D-A486-059DA01F9287}"
EndProject
Global
	GlobalSection(SolutionConfigurationPlatforms) = preSolution
		Debug|Any CPU = Debug|Any CPU
		Release|Any CPU = Release|Any CPU
	EndGlobalSection
	GlobalSection(ProjectConfigurationPlatforms) = postSolution
		{169CA507-E901-438D-A486-059DA01F9287}.Debug|Any CPU.ActiveCfg = Debug|Any CPU
		{169CA507-E901-438D-A486-059DA01F9287}.Debug|Any CPU.Build.0 = Debug|Any CPU
		{169CA507-E901-438D-A486-059DA01F9287}.Release|Any CPU.ActiveCfg = Release|Any CPU
		{169CA507-E901-438D-A486-059DA01F9287}.Release|Any CPU.Build.0 = Release|Any CPU
	EndGlobalSection
	GlobalSection(SolutionProperties) = preSolution
		HideSolutionNode = FALSE
	EndGlobalSection
	GlobalSection(ExtensibilityGlobals) = postSolution
		SolutionGuid = {6F6EC3B6-FF87-4683-BCC3-0989E8EAC61C}
	EndGlobalSection
EndGlobal
